// !$*UTF8*$!
{
	archiveVersion = 1;
	classes = {
	};
	objectVersion = 56;
	objects = {

/* Begin PBXBuildFile section */
		1F5619F42D26D75800AB34A6 /* Initializer.swift in Sources */ = {isa = PBXBuildFile; fileRef = 1F5619F32D26D75800AB34A6 /* Initializer.swift */; };
		1F5619F62D2711C300AB34A6 /* ForEach.swift in Sources */ = {isa = PBXBuildFile; fileRef = 1F5619F52D2711C300AB34A6 /* ForEach.swift */; };
		1F5619F82D271EF700AB34A6 /* ScrollViewExample.swift in Sources */ = {isa = PBXBuildFile; fileRef = 1F5619F72D271EF700AB34A6 /* ScrollViewExample.swift */; };
		1F5619FA2D29D44600AB34A6 /* GridExample.swift in Sources */ = {isa = PBXBuildFile; fileRef = 1F5619F92D29D44600AB34A6 /* GridExample.swift */; };
		1F5619FC2D2B22D600AB34A6 /* SafeAreaExample.swift in Sources */ = {isa = PBXBuildFile; fileRef = 1F5619FB2D2B22D600AB34A6 /* SafeAreaExample.swift */; };
		1F68B6AE2D2E66BC003324B2 /* ButtonExample.swift in Sources */ = {isa = PBXBuildFile; fileRef = 1F68B6AD2D2E66BC003324B2 /* ButtonExample.swift */; };
		1F68B6B02D2EAB9A003324B2 /* Notes in Resources */ = {isa = PBXBuildFile; fileRef = 1F68B6AF2D2EAB9A003324B2 /* Notes */; };
		1F68B6B22D2EAD25003324B2 /* StateExample.swift in Sources */ = {isa = PBXBuildFile; fileRef = 1F68B6B12D2EAD25003324B2 /* StateExample.swift */; };
		1F68B6B42D2EB12A003324B2 /* Examples.swift in Sources */ = {isa = PBXBuildFile; fileRef = 1F68B6B32D2EB12A003324B2 /* Examples.swift */; };
		1F68B6B62D2EB98B003324B2 /* ExtractedFunctionsBCamp.swift in Sources */ = {isa = PBXBuildFile; fileRef = 1F68B6B52D2EB98B003324B2 /* ExtractedFunctionsBCamp.swift */; };
		1F6AF4532D300AD700F87D12 /* ExtractSubviewsExample.swift in Sources */ = {isa = PBXBuildFile; fileRef = 1F6AF4522D300AD700F87D12 /* ExtractSubviewsExample.swift */; };
		1F751C622D242129007F9364 /* SwiftUIExamplesApp.swift in Sources */ = {isa = PBXBuildFile; fileRef = 1F751C612D242129007F9364 /* SwiftUIExamplesApp.swift */; };
		1F751C642D242129007F9364 /* ContentView.swift in Sources */ = {isa = PBXBuildFile; fileRef = 1F751C632D242129007F9364 /* ContentView.swift */; };
		1F751C662D24212B007F9364 /* Assets.xcassets in Resources */ = {isa = PBXBuildFile; fileRef = 1F751C652D24212B007F9364 /* Assets.xcassets */; };
		1F751C692D24212B007F9364 /* Preview Assets.xcassets in Resources */ = {isa = PBXBuildFile; fileRef = 1F751C682D24212B007F9364 /* Preview Assets.xcassets */; };
		1F751C702D242153007F9364 /* BackgroundAndOverlay.swift in Sources */ = {isa = PBXBuildFile; fileRef = 1F751C6F2D242153007F9364 /* BackgroundAndOverlay.swift */; };
		1F751C722D242170007F9364 /* Stacks.swift in Sources */ = {isa = PBXBuildFile; fileRef = 1F751C712D242170007F9364 /* Stacks.swift */; };
		1F751C742D24229A007F9364 /* PaddingAndSpacer.swift in Sources */ = {isa = PBXBuildFile; fileRef = 1F751C732D24229A007F9364 /* PaddingAndSpacer.swift */; };
		1F751C762D25B2FC007F9364 /* Spacer.swift in Sources */ = {isa = PBXBuildFile; fileRef = 1F751C752D25B2FC007F9364 /* Spacer.swift */; };
/* End PBXBuildFile section */

/* Begin PBXFileReference section */
		1F5619F32D26D75800AB34A6 /* Initializer.swift */ = {isa = PBXFileReference; lastKnownFileType = sourcecode.swift; path = Initializer.swift; sourceTree = "<group>"; };
		1F5619F52D2711C300AB34A6 /* ForEach.swift */ = {isa = PBXFileReference; lastKnownFileType = sourcecode.swift; path = ForEach.swift; sourceTree = "<group>"; };
		1F5619F72D271EF700AB34A6 /* ScrollViewExample.swift */ = {isa = PBXFileReference; lastKnownFileType = sourcecode.swift; path = ScrollViewExample.swift; sourceTree = "<group>"; };
		1F5619F92D29D44600AB34A6 /* GridExample.swift */ = {isa = PBXFileReference; lastKnownFileType = sourcecode.swift; path = GridExample.swift; sourceTree = "<group>"; };
		1F5619FB2D2B22D600AB34A6 /* SafeAreaExample.swift */ = {isa = PBXFileReference; lastKnownFileType = sourcecode.swift; path = SafeAreaExample.swift; sourceTree = "<group>"; };
		1F68B6AD2D2E66BC003324B2 /* ButtonExample.swift */ = {isa = PBXFileReference; lastKnownFileType = sourcecode.swift; path = ButtonExample.swift; sourceTree = "<group>"; };
		1F68B6AF2D2EAB9A003324B2 /* Notes */ = {isa = PBXFileReference; lastKnownFileType = text; path = Notes; sourceTree = "<group>"; };
		1F68B6B12D2EAD25003324B2 /* StateExample.swift */ = {isa = PBXFileReference; lastKnownFileType = sourcecode.swift; path = StateExample.swift; sourceTree = "<group>"; };
		1F68B6B32D2EB12A003324B2 /* Examples.swift */ = {isa = PBXFileReference; lastKnownFileType = sourcecode.swift; path = Examples.swift; sourceTree = "<group>"; };
		1F68B6B52D2EB98B003324B2 /* ExtractedFunctionsBCamp.swift */ = {isa = PBXFileReference; lastKnownFileType = sourcecode.swift; path = ExtractedFunctionsBCamp.swift; sourceTree = "<group>"; };
		1F6AF4522D300AD700F87D12 /* ExtractSubviewsExample.swift */ = {isa = PBXFileReference; lastKnownFileType = sourcecode.swift; path = ExtractSubviewsExample.swift; sourceTree = "<group>"; };
		1F751C5E2D242129007F9364 /* SwiftUIExamples.app */ = {isa = PBXFileReference; explicitFileType = wrapper.application; includeInIndex = 0; path = SwiftUIExamples.app; sourceTree = BUILT_PRODUCTS_DIR; };
		1F751C612D242129007F9364 /* SwiftUIExamplesApp.swift */ = {isa = PBXFileReference; lastKnownFileType = sourcecode.swift; path = SwiftUIExamplesApp.swift; sourceTree = "<group>"; };
		1F751C632D242129007F9364 /* ContentView.swift */ = {isa = PBXFileReference; lastKnownFileType = sourcecode.swift; path = ContentView.swift; sourceTree = "<group>"; };
		1F751C652D24212B007F9364 /* Assets.xcassets */ = {isa = PBXFileReference; lastKnownFileType = folder.assetcatalog; path = Assets.xcassets; sourceTree = "<group>"; };
		1F751C682D24212B007F9364 /* Preview Assets.xcassets */ = {isa = PBXFileReference; lastKnownFileType = folder.assetcatalog; path = "Preview Assets.xcassets"; sourceTree = "<group>"; };
		1F751C6F2D242153007F9364 /* BackgroundAndOverlay.swift */ = {isa = PBXFileReference; lastKnownFileType = sourcecode.swift; path = BackgroundAndOverlay.swift; sourceTree = "<group>"; };
		1F751C712D242170007F9364 /* Stacks.swift */ = {isa = PBXFileReference; lastKnownFileType = sourcecode.swift; path = Stacks.swift; sourceTree = "<group>"; };
		1F751C732D24229A007F9364 /* PaddingAndSpacer.swift */ = {isa = PBXFileReference; lastKnownFileType = sourcecode.swift; path = PaddingAndSpacer.swift; sourceTree = "<group>"; };
		1F751C752D25B2FC007F9364 /* Spacer.swift */ = {isa = PBXFileReference; lastKnownFileType = sourcecode.swift; path = Spacer.swift; sourceTree = "<group>"; };
/* End PBXFileReference section */

/* Begin PBXFrameworksBuildPhase section */
		1F751C5B2D242129007F9364 /* Frameworks */ = {
			isa = PBXFrameworksBuildPhase;
			buildActionMask = 2147483647;
			files = (
			);
			runOnlyForDeploymentPostprocessing = 0;
		};
/* End PBXFrameworksBuildPhase section */

/* Begin PBXGroup section */
		1F751C552D242129007F9364 = {
			isa = PBXGroup;
			children = (
				1F751C602D242129007F9364 /* SwiftUIExamples */,
				1F751C5F2D242129007F9364 /* Products */,
			);
			sourceTree = "<group>";
		};
		1F751C5F2D242129007F9364 /* Products */ = {
			isa = PBXGroup;
			children = (
				1F751C5E2D242129007F9364 /* SwiftUIExamples.app */,
			);
			name = Products;
			sourceTree = "<group>";
		};
		1F751C602D242129007F9364 /* SwiftUIExamples */ = {
			isa = PBXGroup;
			children = (
				1F751C612D242129007F9364 /* SwiftUIExamplesApp.swift */,
				1F751C632D242129007F9364 /* ContentView.swift */,
				1F751C652D24212B007F9364 /* Assets.xcassets */,
				1F751C672D24212B007F9364 /* Preview Content */,
				1F751C6F2D242153007F9364 /* BackgroundAndOverlay.swift */,
				1F751C712D242170007F9364 /* Stacks.swift */,
				1F5619F92D29D44600AB34A6 /* GridExample.swift */,
				1F68B6B32D2EB12A003324B2 /* Examples.swift */,
				1F751C732D24229A007F9364 /* PaddingAndSpacer.swift */,
				1F68B6B12D2EAD25003324B2 /* StateExample.swift */,
				1F5619FB2D2B22D600AB34A6 /* SafeAreaExample.swift */,
				1F6AF4522D300AD700F87D12 /* ExtractSubviewsExample.swift */,
				1F5619F32D26D75800AB34A6 /* Initializer.swift */,
				1F68B6B52D2EB98B003324B2 /* ExtractedFunctionsBCamp.swift */,
				1F68B6AD2D2E66BC003324B2 /* ButtonExample.swift */,
				1F5619F52D2711C300AB34A6 /* ForEach.swift */,
				1F5619F72D271EF700AB34A6 /* ScrollViewExample.swift */,
				1F751C752D25B2FC007F9364 /* Spacer.swift */,
				1F68B6AF2D2EAB9A003324B2 /* Notes */,
			);
			path = SwiftUIExamples;
			sourceTree = "<group>";
		};
		1F751C672D24212B007F9364 /* Preview Content */ = {
			isa = PBXGroup;
			children = (
				1F751C682D24212B007F9364 /* Preview Assets.xcassets */,
			);
			path = "Preview Content";
			sourceTree = "<group>";
		};
/* End PBXGroup section */

/* Begin PBXNativeTarget section */
		1F751C5D2D242129007F9364 /* SwiftUIExamples */ = {
			isa = PBXNativeTarget;
			buildConfigurationList = 1F751C6C2D24212B007F9364 /* Build configuration list for PBXNativeTarget "SwiftUIExamples" */;
			buildPhases = (
				1F751C5A2D242129007F9364 /* Sources */,
				1F751C5B2D242129007F9364 /* Frameworks */,
				1F751C5C2D242129007F9364 /* Resources */,
			);
			buildRules = (
			);
			dependencies = (
			);
			name = SwiftUIExamples;
			productName = SwiftUIExamples;
			productReference = 1F751C5E2D242129007F9364 /* SwiftUIExamples.app */;
			productType = "com.apple.product-type.application";
		};
/* End PBXNativeTarget section */

/* Begin PBXProject section */
		1F751C562D242129007F9364 /* Project object */ = {
			isa = PBXProject;
			attributes = {
				BuildIndependentTargetsInParallel = 1;
				LastSwiftUpdateCheck = 1530;
				LastUpgradeCheck = 1530;
				TargetAttributes = {
					1F751C5D2D242129007F9364 = {
						CreatedOnToolsVersion = 15.3;
					};
				};
			};
			buildConfigurationList = 1F751C592D242129007F9364 /* Build configuration list for PBXProject "SwiftUIExamples" */;
			compatibilityVersion = "Xcode 14.0";
			developmentRegion = en;
			hasScannedForEncodings = 0;
			knownRegions = (
				en,
				Base,
			);
			mainGroup = 1F751C552D242129007F9364;
			productRefGroup = 1F751C5F2D242129007F9364 /* Products */;
			projectDirPath = "";
			projectRoot = "";
			targets = (
				1F751C5D2D242129007F9364 /* SwiftUIExamples */,
			);
		};
/* End PBXProject section */

/* Begin PBXResourcesBuildPhase section */
		1F751C5C2D242129007F9364 /* Resources */ = {
			isa = PBXResourcesBuildPhase;
			buildActionMask = 2147483647;
			files = (
				1F68B6B02D2EAB9A003324B2 /* Notes in Resources */,
				1F751C692D24212B007F9364 /* Preview Assets.xcassets in Resources */,
				1F751C662D24212B007F9364 /* Assets.xcassets in Resources */,
			);
			runOnlyForDeploymentPostprocessing = 0;
		};
/* End PBXResourcesBuildPhase section */

/* Begin PBXSourcesBuildPhase section */
		1F751C5A2D242129007F9364 /* Sources */ = {
			isa = PBXSourcesBuildPhase;
			buildActionMask = 2147483647;
			files = (
				1F68B6B42D2EB12A003324B2 /* Examples.swift in Sources */,
				1F5619FC2D2B22D600AB34A6 /* SafeAreaExample.swift in Sources */,
				1F5619F82D271EF700AB34A6 /* ScrollViewExample.swift in Sources */,
				1F68B6B62D2EB98B003324B2 /* ExtractedFunctionsBCamp.swift in Sources */,
				1F68B6B22D2EAD25003324B2 /* StateExample.swift in Sources */,
				1F5619F62D2711C300AB34A6 /* ForEach.swift in Sources */,
				1F6AF4532D300AD700F87D12 /* ExtractSubviewsExample.swift in Sources */,
				1F751C722D242170007F9364 /* Stacks.swift in Sources */,
				1F5619F42D26D75800AB34A6 /* Initializer.swift in Sources */,
				1F5619FA2D29D44600AB34A6 /* GridExample.swift in Sources */,
				1F751C762D25B2FC007F9364 /* Spacer.swift in Sources */,
				1F751C642D242129007F9364 /* ContentView.swift in Sources */,
				1F751C702D242153007F9364 /* BackgroundAndOverlay.swift in Sources */,
				1F751C622D242129007F9364 /* SwiftUIExamplesApp.swift in Sources */,
				1F68B6AE2D2E66BC003324B2 /* ButtonExample.swift in Sources */,
				1F751C742D24229A007F9364 /* PaddingAndSpacer.swift in Sources */,
			);
			runOnlyForDeploymentPostprocessing = 0;
		};
/* End PBXSourcesBuildPhase section */

/* Begin XCBuildConfiguration section */
		1F751C6A2D24212B007F9364 /* Debug */ = {
			isa = XCBuildConfiguration;
			buildSettings = {
				ALWAYS_SEARCH_USER_PATHS = NO;
				ASSETCATALOG_COMPILER_GENERATE_SWIFT_ASSET_SYMBOL_EXTENSIONS = YES;
				CLANG_ANALYZER_NONNULL = YES;
				CLANG_ANALYZER_NUMBER_OBJECT_CONVERSION = YES_AGGRESSIVE;
				CLANG_CXX_LANGUAGE_STANDARD = "gnu++20";
				CLANG_ENABLE_MODULES = YES;
				CLANG_ENABLE_OBJC_ARC = YES;
				CLANG_ENABLE_OBJC_WEAK = YES;
				CLANG_WARN_BLOCK_CAPTURE_AUTORELEASING = YES;
				CLANG_WARN_BOOL_CONVERSION = YES;
				CLANG_WARN_COMMA = YES;
				CLANG_WARN_CONSTANT_CONVERSION = YES;
				CLANG_WARN_DEPRECATED_OBJC_IMPLEMENTATIONS = YES;
				CLANG_WARN_DIRECT_OBJC_ISA_USAGE = YES_ERROR;
				CLANG_WARN_DOCUMENTATION_COMMENTS = YES;
				CLANG_WARN_EMPTY_BODY = YES;
				CLANG_WARN_ENUM_CONVERSION = YES;
				CLANG_WARN_INFINITE_RECURSION = YES;
				CLANG_WARN_INT_CONVERSION = YES;
				CLANG_WARN_NON_LITERAL_NULL_CONVERSION = YES;
				CLANG_WARN_OBJC_IMPLICIT_RETAIN_SELF = YES;
				CLANG_WARN_OBJC_LITERAL_CONVERSION = YES;
				CLANG_WARN_OBJC_ROOT_CLASS = YES_ERROR;
				CLANG_WARN_QUOTED_INCLUDE_IN_FRAMEWORK_HEADER = YES;
				CLANG_WARN_RANGE_LOOP_ANALYSIS = YES;
				CLANG_WARN_STRICT_PROTOTYPES = YES;
				CLANG_WARN_SUSPICIOUS_MOVE = YES;
				CLANG_WARN_UNGUARDED_AVAILABILITY = YES_AGGRESSIVE;
				CLANG_WARN_UNREACHABLE_CODE = YES;
				CLANG_WARN__DUPLICATE_METHOD_MATCH = YES;
				COPY_PHASE_STRIP = NO;
				DEBUG_INFORMATION_FORMAT = dwarf;
				ENABLE_STRICT_OBJC_MSGSEND = YES;
				ENABLE_TESTABILITY = YES;
				ENABLE_USER_SCRIPT_SANDBOXING = YES;
				GCC_C_LANGUAGE_STANDARD = gnu17;
				GCC_DYNAMIC_NO_PIC = NO;
				GCC_NO_COMMON_BLOCKS = YES;
				GCC_OPTIMIZATION_LEVEL = 0;
				GCC_PREPROCESSOR_DEFINITIONS = (
					"DEBUG=1",
					"$(inherited)",
				);
				GCC_WARN_64_TO_32_BIT_CONVERSION = YES;
				GCC_WARN_ABOUT_RETURN_TYPE = YES_ERROR;
				GCC_WARN_UNDECLARED_SELECTOR = YES;
				GCC_WARN_UNINITIALIZED_AUTOS = YES_AGGRESSIVE;
				GCC_WARN_UNUSED_FUNCTION = YES;
				GCC_WARN_UNUSED_VARIABLE = YES;
				IPHONEOS_DEPLOYMENT_TARGET = 17.4;
				LOCALIZATION_PREFERS_STRING_CATALOGS = YES;
				MTL_ENABLE_DEBUG_INFO = INCLUDE_SOURCE;
				MTL_FAST_MATH = YES;
				ONLY_ACTIVE_ARCH = YES;
				SDKROOT = iphoneos;
				SWIFT_ACTIVE_COMPILATION_CONDITIONS = "DEBUG $(inherited)";
				SWIFT_OPTIMIZATION_LEVEL = "-Onone";
			};
			name = Debug;
		};
		1F751C6B2D24212B007F9364 /* Release */ = {
			isa = XCBuildConfiguration;
			buildSettings = {
				ALWAYS_SEARCH_USER_PATHS = NO;
				ASSETCATALOG_COMPILER_GENERATE_SWIFT_ASSET_SYMBOL_EXTENSIONS = YES;
				CLANG_ANALYZER_NONNULL = YES;
				CLANG_ANALYZER_NUMBER_OBJECT_CONVERSION = YES_AGGRESSIVE;
				CLANG_CXX_LANGUAGE_STANDARD = "gnu++20";
				CLANG_ENABLE_MODULES = YES;
				CLANG_ENABLE_OBJC_ARC = YES;
				CLANG_ENABLE_OBJC_WEAK = YES;
				CLANG_WARN_BLOCK_CAPTURE_AUTORELEASING = YES;
				CLANG_WARN_BOOL_CONVERSION = YES;
				CLANG_WARN_COMMA = YES;
				CLANG_WARN_CONSTANT_CONVERSION = YES;
				CLANG_WARN_DEPRECATED_OBJC_IMPLEMENTATIONS = YES;
				CLANG_WARN_DIRECT_OBJC_ISA_USAGE = YES_ERROR;
				CLANG_WARN_DOCUMENTATION_COMMENTS = YES;
				CLANG_WARN_EMPTY_BODY = YES;
				CLANG_WARN_ENUM_CONVERSION = YES;
				CLANG_WARN_INFINITE_RECURSION = YES;
				CLANG_WARN_INT_CONVERSION = YES;
				CLANG_WARN_NON_LITERAL_NULL_CONVERSION = YES;
				CLANG_WARN_OBJC_IMPLICIT_RETAIN_SELF = YES;
				CLANG_WARN_OBJC_LITERAL_CONVERSION = YES;
				CLANG_WARN_OBJC_ROOT_CLASS = YES_ERROR;
				CLANG_WARN_QUOTED_INCLUDE_IN_FRAMEWORK_HEADER = YES;
				CLANG_WARN_RANGE_LOOP_ANALYSIS = YES;
				CLANG_WARN_STRICT_PROTOTYPES = YES;
				CLANG_WARN_SUSPICIOUS_MOVE = YES;
				CLANG_WARN_UNGUARDED_AVAILABILITY = YES_AGGRESSIVE;
				CLANG_WARN_UNREACHABLE_CODE = YES;
				CLANG_WARN__DUPLICATE_METHOD_MATCH = YES;
				COPY_PHASE_STRIP = NO;
				DEBUG_INFORMATION_FORMAT = "dwarf-with-dsym";
				ENABLE_NS_ASSERTIONS = NO;
				ENABLE_STRICT_OBJC_MSGSEND = YES;
				ENABLE_USER_SCRIPT_SANDBOXING = YES;
				GCC_C_LANGUAGE_STANDARD = gnu17;
				GCC_NO_COMMON_BLOCKS = YES;
				GCC_WARN_64_TO_32_BIT_CONVERSION = YES;
				GCC_WARN_ABOUT_RETURN_TYPE = YES_ERROR;
				GCC_WARN_UNDECLARED_SELECTOR = YES;
				GCC_WARN_UNINITIALIZED_AUTOS = YES_AGGRESSIVE;
				GCC_WARN_UNUSED_FUNCTION = YES;
				GCC_WARN_UNUSED_VARIABLE = YES;
				IPHONEOS_DEPLOYMENT_TARGET = 17.4;
				LOCALIZATION_PREFERS_STRING_CATALOGS = YES;
				MTL_ENABLE_DEBUG_INFO = NO;
				MTL_FAST_MATH = YES;
				SDKROOT = iphoneos;
				SWIFT_COMPILATION_MODE = wholemodule;
				VALIDATE_PRODUCT = YES;
			};
			name = Release;
		};
		1F751C6D2D24212B007F9364 /* Debug */ = {
			isa = XCBuildConfiguration;
			buildSettings = {
				ASSETCATALOG_COMPILER_APPICON_NAME = AppIcon;
				ASSETCATALOG_COMPILER_GLOBAL_ACCENT_COLOR_NAME = AccentColor;
				CODE_SIGN_STYLE = Automatic;
				CURRENT_PROJECT_VERSION = 1;
				DEVELOPMENT_ASSET_PATHS = "\"SwiftUIExamples/Preview Content\"";
				DEVELOPMENT_TEAM = CG2DGVAM4V;
				ENABLE_PREVIEWS = YES;
				GENERATE_INFOPLIST_FILE = YES;
				INFOPLIST_KEY_UIApplicationSceneManifest_Generation = YES;
				INFOPLIST_KEY_UIApplicationSupportsIndirectInputEvents = YES;
				INFOPLIST_KEY_UILaunchScreen_Generation = YES;
				INFOPLIST_KEY_UISupportedInterfaceOrientations_iPad = "UIInterfaceOrientationPortrait UIInterfaceOrientationPortraitUpsideDown UIInterfaceOrientationLandscapeLeft UIInterfaceOrientationLandscapeRight";
				INFOPLIST_KEY_UISupportedInterfaceOrientations_iPhone = "UIInterfaceOrientationPortrait UIInterfaceOrientationLandscapeLeft UIInterfaceOrientationLandscapeRight";
				LD_RUNPATH_SEARCH_PATHS = (
					"$(inherited)",
					"@executable_path/Frameworks",
				);
				MARKETING_VERSION = 1.0;
				PRODUCT_BUNDLE_IDENTIFIER = SeymaArslan.SwiftUIExamples;
				PRODUCT_NAME = "$(TARGET_NAME)";
				SWIFT_EMIT_LOC_STRINGS = YES;
				SWIFT_VERSION = 5.0;
				TARGETED_DEVICE_FAMILY = "1,2";
			};
			name = Debug;
		};
		1F751C6E2D24212B007F9364 /* Release */ = {
			isa = XCBuildConfiguration;
			buildSettings = {
				ASSETCATALOG_COMPILER_APPICON_NAME = AppIcon;
				ASSETCATALOG_COMPILER_GLOBAL_ACCENT_COLOR_NAME = AccentColor;
				CODE_SIGN_STYLE = Automatic;
				CURRENT_PROJECT_VERSION = 1;
				DEVELOPMENT_ASSET_PATHS = "\"SwiftUIExamples/Preview Content\"";
				DEVELOPMENT_TEAM = CG2DGVAM4V;
				ENABLE_PREVIEWS = YES;
				GENERATE_INFOPLIST_FILE = YES;
				INFOPLIST_KEY_UIApplicationSceneManifest_Generation = YES;
				INFOPLIST_KEY_UIApplicationSupportsIndirectInputEvents = YES;
				INFOPLIST_KEY_UILaunchScreen_Generation = YES;
				INFOPLIST_KEY_UISupportedInterfaceOrientations_iPad = "UIInterfaceOrientationPortrait UIInterfaceOrientationPortraitUpsideDown UIInterfaceOrientationLandscapeLeft UIInterfaceOrientationLandscapeRight";
				INFOPLIST_KEY_UISupportedInterfaceOrientations_iPhone = "UIInterfaceOrientationPortrait UIInterfaceOrientationLandscapeLeft UIInterfaceOrientationLandscapeRight";
				LD_RUNPATH_SEARCH_PATHS = (
					"$(inherited)",
					"@executable_path/Frameworks",
				);
				MARKETING_VERSION = 1.0;
				PRODUCT_BUNDLE_IDENTIFIER = SeymaArslan.SwiftUIExamples;
				PRODUCT_NAME = "$(TARGET_NAME)";
				SWIFT_EMIT_LOC_STRINGS = YES;
				SWIFT_VERSION = 5.0;
				TARGETED_DEVICE_FAMILY = "1,2";
			};
			name = Release;
		};
/* End XCBuildConfiguration section */

/* Begin XCConfigurationList section */
		1F751C592D242129007F9364 /* Build configuration list for PBXProject "SwiftUIExamples" */ = {
			isa = XCConfigurationList;
			buildConfigurations = (
				1F751C6A2D24212B007F9364 /* Debug */,
				1F751C6B2D24212B007F9364 /* Release */,
			);
			defaultConfigurationIsVisible = 0;
			defaultConfigurationName = Release;
		};
		1F751C6C2D24212B007F9364 /* Build configuration list for PBXNativeTarget "SwiftUIExamples" */ = {
			isa = XCConfigurationList;
			buildConfigurations = (
				1F751C6D2D24212B007F9364 /* Debug */,
				1F751C6E2D24212B007F9364 /* Release */,
			);
			defaultConfigurationIsVisible = 0;
			defaultConfigurationName = Release;
		};
/* End XCConfigurationList section */
	};
	rootObject = 1F751C562D242129007F9364 /* Project object */;
}
